Microsoft Visual Studio Solution File, Format Version 12.00
# Visual Studio Version 17
VisualStudioVersion = 17.5.2.0
MinimumVisualStudioVersion = 10.0.40219.1
Project("{FAE04EC0-301F-11D3-BF4B-00C04F79EFBC}") = "coordinacion", "coordinacion\coordinacion.csproj", "{1367EECB-E1C6-77A0-B12E-703E4906D006}"
EndProject
Global
	GlobalSection(SolutionConfigurationPlatforms) = preSolution
		Debug|Any CPU = Debug|Any CPU
		Release|Any CPU = Release|Any CPU
	EndGlobalSection
	GlobalSection(ProjectConfigurationPlatforms) = postSolution
		{1367EECB-E1C6-77A0-B12E-703E4906D006}.Debug|Any CPU.ActiveCfg = Debug|Any CPU
		{1367EECB-E1C6-77A0-B12E-703E4906D006}.Debug|Any CPU.Build.0 = Debug|Any CPU
		{1367EECB-E1C6-77A0-B12E-703E4906D006}.Release|Any CPU.ActiveCfg = Release|Any CPU
		{1367EECB-E1C6-77A0-B12E-703E4906D006}.Release|Any CPU.Build.0 = Release|Any CPU
	EndGlobalSection
	GlobalSection(SolutionProperties) = preSolution
		HideSolutionNode = FALSE
	EndGlobalSection
	GlobalSection(ExtensibilityGlobals) = postSolution
		SolutionGuid = {42DA5DA9-163D-4633-93E2-FECF8592F857}
	EndGlobalSection
EndGlobal
